<Solution>
  <Folder Name="/apps/">
    <Project Path="apps/AgentServer/AgentServer.csproj" />
  </Folder>
  <Folder Name="/src/">
    <Project Path="src/WpfAiAutomation.Contracts/WpfAiAutomation.Contracts.csproj" />
    <Project Path="src/WpfAiAutomation.Execution/WpfAiAutomation.Execution.csproj" />
    <Project Path="src/WpfAiAutomation.FlaUI/WpfAiAutomation.FlaUI.csproj" />
  </Folder>
  <Folder Name="/tests/">
    <Project Path="tests/WpfAiAutomation.IntegrationTests/WpfAiAutomation.IntegrationTests.csproj" />
    <Project Path="tests/WpfAiAutomation.PatientDemoTests/WpfAiAutomation.PatientDemoTests.csproj" />
    <Project Path="tests/WpfAiAutomation.UnitTests/WpfAiAutomation.UnitTests.csproj" />
  </Folder>
</Solution>
